// !$*UTF8*$!
{
	archiveVersion = 1;
	classes = {
	};
	objectVersion = 46;
	objects = {

/* Begin PBXBuildFile section */
		OBJ_32 /* AddComment.swift in Sources */ = {isa = PBXBuildFile; fileRef = OBJ_9 /* AddComment.swift */; };
		OBJ_33 /* APIFunctions.swift in Sources */ = {isa = PBXBuildFile; fileRef = OBJ_10 /* APIFunctions.swift */; };
		OBJ_34 /* Client.swift in Sources */ = {isa = PBXBuildFile; fileRef = OBJ_11 /* Client.swift */; };
		OBJ_35 /* Executor.swift in Sources */ = {isa = PBXBuildFile; fileRef = OBJ_12 /* Executor.swift */; };
		OBJ_36 /* LogTime.swift in Sources */ = {isa = PBXBuildFile; fileRef = OBJ_13 /* LogTime.swift */; };
		OBJ_37 /* Params.swift in Sources */ = {isa = PBXBuildFile; fileRef = OBJ_14 /* Params.swift */; };
		OBJ_38 /* Request.swift in Sources */ = {isa = PBXBuildFile; fileRef = OBJ_15 /* Request.swift */; };
		OBJ_39 /* Response.swift in Sources */ = {isa = PBXBuildFile; fileRef = OBJ_16 /* Response.swift */; };
		OBJ_40 /* URL.swift in Sources */ = {isa = PBXBuildFile; fileRef = OBJ_17 /* URL.swift */; };
		OBJ_47 /* APIKey.swift in Sources */ = {isa = PBXBuildFile; fileRef = OBJ_20 /* APIKey.swift */; };
		OBJ_48 /* ClientTests.swift in Sources */ = {isa = PBXBuildFile; fileRef = OBJ_21 /* ClientTests.swift */; };
		OBJ_49 /* KanbanizeAPITests.swift in Sources */ = {isa = PBXBuildFile; fileRef = OBJ_22 /* KanbanizeAPITests.swift */; };
		OBJ_50 /* URLTests.swift in Sources */ = {isa = PBXBuildFile; fileRef = OBJ_23 /* URLTests.swift */; };
		OBJ_52 /* KanbanizeAPI.framework in Frameworks */ = {isa = PBXBuildFile; fileRef = OBJ_25 /* KanbanizeAPI.framework */; };
/* End PBXBuildFile section */

/* Begin PBXContainerItemProxy section */
		095CDCB21E11040400C8B862 /* PBXContainerItemProxy */ = {
			isa = PBXContainerItemProxy;
			containerPortal = OBJ_1 /* Project object */;
			proxyType = 1;
			remoteGlobalIDString = OBJ_27;
			remoteInfo = KanbanizeAPI;
		};
/* End PBXContainerItemProxy section */

/* Begin PBXFileReference section */
		OBJ_10 /* APIFunctions.swift */ = {isa = PBXFileReference; lastKnownFileType = sourcecode.swift; path = APIFunctions.swift; sourceTree = "<group>"; };
		OBJ_11 /* Client.swift */ = {isa = PBXFileReference; lastKnownFileType = sourcecode.swift; path = Client.swift; sourceTree = "<group>"; };
		OBJ_12 /* Executor.swift */ = {isa = PBXFileReference; lastKnownFileType = sourcecode.swift; path = Executor.swift; sourceTree = "<group>"; };
		OBJ_13 /* LogTime.swift */ = {isa = PBXFileReference; lastKnownFileType = sourcecode.swift; path = LogTime.swift; sourceTree = "<group>"; };
		OBJ_14 /* Params.swift */ = {isa = PBXFileReference; lastKnownFileType = sourcecode.swift; path = Params.swift; sourceTree = "<group>"; };
		OBJ_15 /* Request.swift */ = {isa = PBXFileReference; lastKnownFileType = sourcecode.swift; path = Request.swift; sourceTree = "<group>"; };
		OBJ_16 /* Response.swift */ = {isa = PBXFileReference; lastKnownFileType = sourcecode.swift; path = Response.swift; sourceTree = "<group>"; };
		OBJ_17 /* URL.swift */ = {isa = PBXFileReference; lastKnownFileType = sourcecode.swift; path = URL.swift; sourceTree = "<group>"; };
		OBJ_20 /* APIKey.swift */ = {isa = PBXFileReference; lastKnownFileType = sourcecode.swift; path = APIKey.swift; sourceTree = "<group>"; };
		OBJ_21 /* ClientTests.swift */ = {isa = PBXFileReference; lastKnownFileType = sourcecode.swift; path = ClientTests.swift; sourceTree = "<group>"; };
		OBJ_22 /* KanbanizeAPITests.swift */ = {isa = PBXFileReference; lastKnownFileType = sourcecode.swift; path = KanbanizeAPITests.swift; sourceTree = "<group>"; };
		OBJ_23 /* URLTests.swift */ = {isa = PBXFileReference; lastKnownFileType = sourcecode.swift; path = URLTests.swift; sourceTree = "<group>"; };
		OBJ_25 /* KanbanizeAPI.framework */ = {isa = PBXFileReference; explicitFileType = wrapper.framework; path = KanbanizeAPI.framework; sourceTree = BUILT_PRODUCTS_DIR; };
		OBJ_26 /* KanbanizeAPITests.xctest */ = {isa = PBXFileReference; explicitFileType = wrapper.cfbundle; path = KanbanizeAPITests.xctest; sourceTree = BUILT_PRODUCTS_DIR; };
		OBJ_6 /* Package.swift */ = {isa = PBXFileReference; explicitFileType = sourcecode.swift; path = Package.swift; sourceTree = "<group>"; };
		OBJ_9 /* AddComment.swift */ = {isa = PBXFileReference; lastKnownFileType = sourcecode.swift; path = AddComment.swift; sourceTree = "<group>"; };
/* End PBXFileReference section */

/* Begin PBXFrameworksBuildPhase section */
		OBJ_41 /* Frameworks */ = {
			isa = PBXFrameworksBuildPhase;
			buildActionMask = 0;
			files = (
			);
			runOnlyForDeploymentPostprocessing = 0;
		};
		OBJ_51 /* Frameworks */ = {
			isa = PBXFrameworksBuildPhase;
			buildActionMask = 0;
			files = (
				OBJ_52 /* KanbanizeAPI.framework in Frameworks */,
			);
			runOnlyForDeploymentPostprocessing = 0;
		};
/* End PBXFrameworksBuildPhase section */

/* Begin PBXGroup section */
		OBJ_18 /* Tests */ = {
			isa = PBXGroup;
			children = (
				OBJ_19 /* KanbanizeAPITests */,
			);
			path = Tests;
			sourceTree = "<group>";
		};
		OBJ_19 /* KanbanizeAPITests */ = {
			isa = PBXGroup;
			children = (
				OBJ_20 /* APIKey.swift */,
				OBJ_21 /* ClientTests.swift */,
				OBJ_22 /* KanbanizeAPITests.swift */,
				OBJ_23 /* URLTests.swift */,
			);
			name = KanbanizeAPITests;
			path = Tests/KanbanizeAPITests;
			sourceTree = SOURCE_ROOT;
		};
		OBJ_24 /* Products */ = {
			isa = PBXGroup;
			children = (
				OBJ_25 /* KanbanizeAPI.framework */,
				OBJ_26 /* KanbanizeAPITests.xctest */,
			);
			name = Products;
			sourceTree = BUILT_PRODUCTS_DIR;
		};
		OBJ_5 = {
			isa = PBXGroup;
			children = (
				OBJ_6 /* Package.swift */,
				OBJ_7 /* Sources */,
				OBJ_18 /* Tests */,
				OBJ_24 /* Products */,
			);
			sourceTree = "<group>";
		};
		OBJ_7 /* Sources */ = {
			isa = PBXGroup;
			children = (
				OBJ_8 /* KanbanizeAPI */,
			);
			path = Sources;
			sourceTree = "<group>";
		};
		OBJ_8 /* KanbanizeAPI */ = {
			isa = PBXGroup;
			children = (
				OBJ_9 /* AddComment.swift */,
				OBJ_10 /* APIFunctions.swift */,
				OBJ_11 /* Client.swift */,
				OBJ_12 /* Executor.swift */,
				OBJ_13 /* LogTime.swift */,
				OBJ_14 /* Params.swift */,
				OBJ_15 /* Request.swift */,
				OBJ_16 /* Response.swift */,
				OBJ_17 /* URL.swift */,
			);
			name = KanbanizeAPI;
			path = Sources;
			sourceTree = SOURCE_ROOT;
		};
/* End PBXGroup section */

/* Begin PBXNativeTarget section */
		OBJ_27 /* KanbanizeAPI */ = {
			isa = PBXNativeTarget;
			buildConfigurationList = OBJ_28 /* Build configuration list for PBXNativeTarget "KanbanizeAPI" */;
			buildPhases = (
				OBJ_31 /* Sources */,
				OBJ_41 /* Frameworks */,
			);
			buildRules = (
			);
			dependencies = (
			);
			name = KanbanizeAPI;
			productName = KanbanizeAPI;
			productReference = OBJ_25 /* KanbanizeAPI.framework */;
			productType = "com.apple.product-type.framework";
		};
		OBJ_42 /* KanbanizeAPITests */ = {
			isa = PBXNativeTarget;
			buildConfigurationList = OBJ_43 /* Build configuration list for PBXNativeTarget "KanbanizeAPITests" */;
			buildPhases = (
				OBJ_46 /* Sources */,
				OBJ_51 /* Frameworks */,
			);
			buildRules = (
			);
			dependencies = (
				OBJ_53 /* PBXTargetDependency */,
			);
			name = KanbanizeAPITests;
			productName = KanbanizeAPITests;
			productReference = OBJ_26 /* KanbanizeAPITests.xctest */;
			productType = "com.apple.product-type.bundle.unit-test";
		};
/* End PBXNativeTarget section */

/* Begin PBXProject section */
		OBJ_1 /* Project object */ = {
			isa = PBXProject;
			attributes = {
				LastUpgradeCheck = 9999;
				TargetAttributes = {
					OBJ_27 = {
						LastSwiftMigration = 0900;
					};
					OBJ_42 = {
						LastSwiftMigration = 0900;
					};
				};
			};
			buildConfigurationList = OBJ_2 /* Build configuration list for PBXProject "KanbanizeAPI" */;
			compatibilityVersion = "Xcode 3.2";
			developmentRegion = English;
			hasScannedForEncodings = 0;
			knownRegions = (
				en,
			);
			mainGroup = OBJ_5;
			productRefGroup = OBJ_24 /* Products */;
			projectDirPath = "";
			projectRoot = "";
			targets = (
				OBJ_27 /* KanbanizeAPI */,
				OBJ_42 /* KanbanizeAPITests */,
			);
		};
/* End PBXProject section */

/* Begin PBXSourcesBuildPhase section */
		OBJ_31 /* Sources */ = {
			isa = PBXSourcesBuildPhase;
			buildActionMask = 0;
			files = (
				OBJ_32 /* AddComment.swift in Sources */,
				OBJ_33 /* APIFunctions.swift in Sources */,
				OBJ_34 /* Client.swift in Sources */,
				OBJ_35 /* Executor.swift in Sources */,
				OBJ_36 /* LogTime.swift in Sources */,
				OBJ_37 /* Params.swift in Sources */,
				OBJ_38 /* Request.swift in Sources */,
				OBJ_39 /* Response.swift in Sources */,
				OBJ_40 /* URL.swift in Sources */,
			);
			runOnlyForDeploymentPostprocessing = 0;
		};
		OBJ_46 /* Sources */ = {
			isa = PBXSourcesBuildPhase;
			buildActionMask = 0;
			files = (
				OBJ_47 /* APIKey.swift in Sources */,
				OBJ_48 /* ClientTests.swift in Sources */,
				OBJ_49 /* KanbanizeAPITests.swift in Sources */,
				OBJ_50 /* URLTests.swift in Sources */,
			);
			runOnlyForDeploymentPostprocessing = 0;
		};
/* End PBXSourcesBuildPhase section */

/* Begin PBXTargetDependency section */
		OBJ_53 /* PBXTargetDependency */ = {
			isa = PBXTargetDependency;
			target = OBJ_27 /* KanbanizeAPI */;
			targetProxy = 095CDCB21E11040400C8B862 /* PBXContainerItemProxy */;
		};
/* End PBXTargetDependency section */

/* Begin XCBuildConfiguration section */
		OBJ_29 /* Debug */ = {
			isa = XCBuildConfiguration;
			buildSettings = {
				ENABLE_TESTABILITY = YES;
				FRAMEWORK_SEARCH_PATHS = (
					"$(inherited)",
					"$(PLATFORM_DIR)/Developer/Library/Frameworks",
				);
				HEADER_SEARCH_PATHS = "$(inherited)";
				INFOPLIST_FILE = KanbanizeAPI.xcodeproj/KanbanizeAPI_Info.plist;
				LD_RUNPATH_SEARCH_PATHS = "$(TOOLCHAIN_DIR)/usr/lib/swift/macosx";
				OTHER_LDFLAGS = "$(inherited)";
				OTHER_SWIFT_FLAGS = "$(inherited)";
				PRODUCT_BUNDLE_IDENTIFIER = KanbanizeAPI;
				PRODUCT_MODULE_NAME = "$(TARGET_NAME:c99extidentifier)";
				PRODUCT_NAME = "$(TARGET_NAME:c99extidentifier)";
				SWIFT_VERSION = 4.0;
				TARGET_NAME = KanbanizeAPI;
			};
			name = Debug;
		};
		OBJ_3 /* Debug */ = {
			isa = XCBuildConfiguration;
			buildSettings = {
				COMBINE_HIDPI_IMAGES = YES;
				COPY_PHASE_STRIP = NO;
				DEBUG_INFORMATION_FORMAT = dwarf;
				DYLIB_INSTALL_NAME_BASE = "@rpath";
				ENABLE_NS_ASSERTIONS = YES;
				GCC_OPTIMIZATION_LEVEL = 0;
				MACOSX_DEPLOYMENT_TARGET = 10.10;
				ONLY_ACTIVE_ARCH = YES;
				OTHER_SWIFT_FLAGS = "-DXcode";
				PRODUCT_NAME = "$(TARGET_NAME)";
				SDKROOT = macosx;
				SUPPORTED_PLATFORMS = "macosx iphoneos iphonesimulator appletvos appletvsimulator watchos watchsimulator";
				SWIFT_ACTIVE_COMPILATION_CONDITIONS = SWIFT_PACKAGE;
				SWIFT_OPTIMIZATION_LEVEL = "-Onone";
				SWIFT_SWIFT3_OBJC_INFERENCE = Off;
				SWIFT_VERSION = 3.0;
				USE_HEADERMAP = NO;
			};
			name = Debug;
		};
		OBJ_30 /* Release */ = {
			isa = XCBuildConfiguration;
			buildSettings = {
				ENABLE_TESTABILITY = YES;
				FRAMEWORK_SEARCH_PATHS = (
					"$(inherited)",
					"$(PLATFORM_DIR)/Developer/Library/Frameworks",
				);
				HEADER_SEARCH_PATHS = "$(inherited)";
				INFOPLIST_FILE = KanbanizeAPI.xcodeproj/KanbanizeAPI_Info.plist;
				LD_RUNPATH_SEARCH_PATHS = "$(TOOLCHAIN_DIR)/usr/lib/swift/macosx";
				OTHER_LDFLAGS = "$(inherited)";
				OTHER_SWIFT_FLAGS = "$(inherited)";
				PRODUCT_BUNDLE_IDENTIFIER = KanbanizeAPI;
				PRODUCT_MODULE_NAME = "$(TARGET_NAME:c99extidentifier)";
				PRODUCT_NAME = "$(TARGET_NAME:c99extidentifier)";
				SWIFT_VERSION = 4.0;
				TARGET_NAME = KanbanizeAPI;
			};
			name = Release;
		};
		OBJ_4 /* Release */ = {
			isa = XCBuildConfiguration;
			buildSettings = {
				COMBINE_HIDPI_IMAGES = YES;
				COPY_PHASE_STRIP = YES;
				DEBUG_INFORMATION_FORMAT = "dwarf-with-dsym";
				DYLIB_INSTALL_NAME_BASE = "@rpath";
				GCC_OPTIMIZATION_LEVEL = s;
				MACOSX_DEPLOYMENT_TARGET = 10.10;
				OTHER_SWIFT_FLAGS = "-DXcode";
				PRODUCT_NAME = "$(TARGET_NAME)";
				SDKROOT = macosx;
				SUPPORTED_PLATFORMS = "macosx iphoneos iphonesimulator appletvos appletvsimulator watchos watchsimulator";
				SWIFT_ACTIVE_COMPILATION_CONDITIONS = SWIFT_PACKAGE;
				SWIFT_OPTIMIZATION_LEVEL = "-O";
				SWIFT_SWIFT3_OBJC_INFERENCE = Off;
				SWIFT_VERSION = 3.0;
				USE_HEADERMAP = NO;
			};
			name = Release;
		};
		OBJ_44 /* Debug */ = {
			isa = XCBuildConfiguration;
			buildSettings = {
				EMBEDDED_CONTENT_CONTAINS_SWIFT = YES;
				FRAMEWORK_SEARCH_PATHS = (
					"$(inherited)",
					"$(PLATFORM_DIR)/Developer/Library/Frameworks",
				);
				HEADER_SEARCH_PATHS = "$(inherited)";
				INFOPLIST_FILE = KanbanizeAPI.xcodeproj/KanbanizeAPITests_Info.plist;
				LD_RUNPATH_SEARCH_PATHS = "@loader_path/../Frameworks";
				OTHER_LDFLAGS = "$(inherited)";
				OTHER_SWIFT_FLAGS = "$(inherited)";
				SWIFT_VERSION = 4.0;
				TARGET_NAME = KanbanizeAPITests;
			};
			name = Debug;
		};
		OBJ_45 /* Release */ = {
			isa = XCBuildConfiguration;
			buildSettings = {
				EMBEDDED_CONTENT_CONTAINS_SWIFT = YES;
				FRAMEWORK_SEARCH_PATHS = (
					"$(inherited)",
					"$(PLATFORM_DIR)/Developer/Library/Frameworks",
				);
				HEADER_SEARCH_PATHS = "$(inherited)";
				INFOPLIST_FILE = KanbanizeAPI.xcodeproj/KanbanizeAPITests_Info.plist;
				LD_RUNPATH_SEARCH_PATHS = "@loader_path/../Frameworks";
				OTHER_LDFLAGS = "$(inherited)";
				OTHER_SWIFT_FLAGS = "$(inherited)";
				SWIFT_VERSION = 4.0;
				TARGET_NAME = KanbanizeAPITests;
			};
			name = Release;
		};
/* End XCBuildConfiguration section */

/* Begin XCConfigurationList section */
		OBJ_2 /* Build configuration list for PBXProject "KanbanizeAPI" */ = {
			isa = XCConfigurationList;
			buildConfigurations = (
				OBJ_3 /* Debug */,
				OBJ_4 /* Release */,
			);
			defaultConfigurationIsVisible = 0;
			defaultConfigurationName = Debug;
		};
		OBJ_28 /* Build configuration list for PBXNativeTarget "KanbanizeAPI" */ = {
			isa = XCConfigurationList;
			buildConfigurations = (
				OBJ_29 /* Debug */,
				OBJ_30 /* Release */,
			);
			defaultConfigurationIsVisible = 0;
			defaultConfigurationName = Debug;
		};
		OBJ_43 /* Build configuration list for PBXNativeTarget "KanbanizeAPITests" */ = {
			isa = XCConfigurationList;
			buildConfigurations = (
				OBJ_44 /* Debug */,
				OBJ_45 /* Release */,
			);
			defaultConfigurationIsVisible = 0;
			defaultConfigurationName = Debug;
		};
/* End XCConfigurationList section */
	};
	rootObject = OBJ_1 /* Project object */;
}
